{
  "name": "@darkwolf/keypath",
  "version": "1.0.0",
  "lockfileVersion": 2,
  "requires": true,
  "packages": {
    "": {
      "name": "@darkwolf/keypath",
      "version": "1.0.0",
      "license": "MIT",
      "dependencies": {
        "@darkwolf/primordials": "^1.1.3"
      },
      "engines": {
        "node": ">=12"
      }
    },
    "node_modules/@darkwolf/primordials": {
      "version": "1.1.3",
      "resolved": "https://registry.npmjs.org/@darkwolf/primordials/-/primordials-1.1.3.tgz",
      "integrity": "sha512-Jj7ahmsJV+8GQdDO9SXVMicxxLEUgX217a3IV9dPd3y7DVzeNauyS4biDio+blFt0BfyYGb/g5O50OtGKVOaYg==",
      "engines": {
        "node": ">=12"
      }
    }
  },
  "dependencies": {
    "@darkwolf/primordials": {
      "version": "1.1.3",
      "resolved": "https://registry.npmjs.org/@darkwolf/primordials/-/primordials-1.1.3.tgz",
      "integrity": "sha512-Jj7ahmsJV+8GQdDO9SXVMicxxLEUgX217a3IV9dPd3y7DVzeNauyS4biDio+blFt0BfyYGb/g5O50OtGKVOaYg=="
    }
  }
}
